
Microsoft Visual Studio Solution File, Format Version 12.00
# Visual Studio Version 17
VisualStudioVersion = 17.5.33516.290
MinimumVisualStudioVersion = 10.0.40219.1
Project("{FAE04EC0-301F-11D3-BF4B-00C04F79EFBC}") = "Wexy", "Wexy\Wexy.csproj", "{1A99B78C-1819-46B4-8673-9815269315EE}"
EndProject
Global
	GlobalSection(SolutionConfigurationPlatforms) = preSolution
		Debug|Any CPU = Debug|Any CPU
		Release|Any CPU = Release|Any CPU
	EndGlobalSection
	GlobalSection(ProjectConfigurationPlatforms) = postSolution
		{1A99B78C-1819-46B4-8673-9815269315EE}.Debug|Any CPU.ActiveCfg = Debug|Any CPU
		{1A99B78C-1819-46B4-8673-9815269315EE}.Debug|Any CPU.Build.0 = Debug|Any CPU
		{1A99B78C-1819-46B4-8673-9815269315EE}.Release|Any CPU.ActiveCfg = Release|Any CPU
		{1A99B78C-1819-46B4-8673-9815269315EE}.Release|Any CPU.Build.0 = Release|Any CPU
	EndGlobalSection
	GlobalSection(SolutionProperties) = preSolution
		HideSolutionNode = FALSE
	EndGlobalSection
	GlobalSection(ExtensibilityGlobals) = postSolution
		SolutionGuid = {EE1C82E7-2ED7-431E-AE74-9CAA7EDF8707}
	EndGlobalSection
EndGlobal
